
Microsoft Visual Studio Solution File, Format Version 12.00
# Visual Studio Version 17
VisualStudioVersion = 17.1.32210.238
MinimumVisualStudioVersion = 10.0.40219.1
Project("{8BC9CEB8-8B4A-11D0-8D11-00A0C91BC942}") = "FourthProject", "FourthProject\FourthProject.vcxproj", "{EA19A68C-3F90-4FAE-9314-C8D8AECD8F87}"
EndProject
Global
	GlobalSection(SolutionConfigurationPlatforms) = preSolution
		Debug|x64 = Debug|x64
		Debug|x86 = Debug|x86
		Release|x64 = Release|x64
		Release|x86 = Release|x86
	EndGlobalSection
	GlobalSection(ProjectConfigurationPlatforms) = postSolution
		{EA19A68C-3F90-4FAE-9314-C8D8AECD8F87}.Debug|x64.ActiveCfg = Debug|x64
		{EA19A68C-3F90-4FAE-9314-C8D8AECD8F87}.Debug|x64.Build.0 = Debug|x64
		{EA19A68C-3F90-4FAE-9314-C8D8AECD8F87}.Debug|x86.ActiveCfg = Debug|Win32
		{EA19A68C-3F90-4FAE-9314-C8D8AECD8F87}.Debug|x86.Build.0 = Debug|Win32
		{EA19A68C-3F90-4FAE-9314-C8D8AECD8F87}.Release|x64.ActiveCfg = Release|x64
		{EA19A68C-3F90-4FAE-9314-C8D8AECD8F87}.Release|x64.Build.0 = Release|x64
		{EA19A68C-3F90-4FAE-9314-C8D8AECD8F87}.Release|x86.ActiveCfg = Release|Win32
		{EA19A68C-3F90-4FAE-9314-C8D8AECD8F87}.Release|x86.Build.0 = Release|Win32
	EndGlobalSection
	GlobalSection(SolutionProperties) = preSolution
		HideSolutionNode = FALSE
	EndGlobalSection
	GlobalSection(ExtensibilityGlobals) = postSolution
		SolutionGuid = {2192A4F6-0D3B-4310-87CD-CBA65F445966}
	EndGlobalSection
EndGlobal
